
Microsoft Visual Studio Solution File, Format Version 12.00
# Visual Studio 15
VisualStudioVersion = 15.0.26124.0
MinimumVisualStudioVersion = 15.0.26124.0
Project("{FAE04EC0-301F-11D3-BF4B-00C04F79EFBC}") = "API", "API\API.csproj", "{2F2F8509-7CED-4F0D-940D-BB581A9A0EA7}"
EndProject
Project("{FAE04EC0-301F-11D3-BF4B-00C04F79EFBC}") = "Core", "Core\Core.csproj", "{0C22D152-46AC-4D96-9DFB-BD957EAA1DA2}"
EndProject
Project("{FAE04EC0-301F-11D3-BF4B-00C04F79EFBC}") = "Infrastructure", "Infrastructure\Infrastructure.csproj", "{0D13C939-0233-4188-9376-17808F58C785}"
EndProject
Global
	GlobalSection(SolutionConfigurationPlatforms) = preSolution
		Debug|Any CPU = Debug|Any CPU
		Debug|x64 = Debug|x64
		Debug|x86 = Debug|x86
		Release|Any CPU = Release|Any CPU
		Release|x64 = Release|x64
		Release|x86 = Release|x86
	EndGlobalSection
	GlobalSection(SolutionProperties) = preSolution
		HideSolutionNode = FALSE
	EndGlobalSection
	GlobalSection(ProjectConfigurationPlatforms) = postSolution
		{2F2F8509-7CED-4F0D-940D-BB581A9A0EA7}.Debug|Any CPU.ActiveCfg = Debug|Any CPU
		{2F2F8509-7CED-4F0D-940D-BB581A9A0EA7}.Debug|Any CPU.Build.0 = Debug|Any CPU
		{2F2F8509-7CED-4F0D-940D-BB581A9A0EA7}.Debug|x64.ActiveCfg = Debug|Any CPU
		{2F2F8509-7CED-4F0D-940D-BB581A9A0EA7}.Debug|x64.Build.0 = Debug|Any CPU
		{2F2F8509-7CED-4F0D-940D-BB581A9A0EA7}.Debug|x86.ActiveCfg = Debug|Any CPU
		{2F2F8509-7CED-4F0D-940D-BB581A9A0EA7}.Debug|x86.Build.0 = Debug|Any CPU
		{2F2F8509-7CED-4F0D-940D-BB581A9A0EA7}.Release|Any CPU.ActiveCfg = Release|Any CPU
		{2F2F8509-7CED-4F0D-940D-BB581A9A0EA7}.Release|Any CPU.Build.0 = Release|Any CPU
		{2F2F8509-7CED-4F0D-940D-BB581A9A0EA7}.Release|x64.ActiveCfg = Release|Any CPU
		{2F2F8509-7CED-4F0D-940D-BB581A9A0EA7}.Release|x64.Build.0 = Release|Any CPU
		{2F2F8509-7CED-4F0D-940D-BB581A9A0EA7}.Release|x86.ActiveCfg = Release|Any CPU
		{2F2F8509-7CED-4F0D-940D-BB581A9A0EA7}.Release|x86.Build.0 = Release|Any CPU
		{0C22D152-46AC-4D96-9DFB-BD957EAA1DA2}.Debug|Any CPU.ActiveCfg = Debug|Any CPU
		{0C22D152-46AC-4D96-9DFB-BD957EAA1DA2}.Debug|Any CPU.Build.0 = Debug|Any CPU
		{0C22D152-46AC-4D96-9DFB-BD957EAA1DA2}.Debug|x64.ActiveCfg = Debug|Any CPU
		{0C22D152-46AC-4D96-9DFB-BD957EAA1DA2}.Debug|x64.Build.0 = Debug|Any CPU
		{0C22D152-46AC-4D96-9DFB-BD957EAA1DA2}.Debug|x86.ActiveCfg = Debug|Any CPU
		{0C22D152-46AC-4D96-9DFB-BD957EAA1DA2}.Debug|x86.Build.0 = Debug|Any CPU
		{0C22D152-46AC-4D96-9DFB-BD957EAA1DA2}.Release|Any CPU.ActiveCfg = Release|Any CPU
		{0C22D152-46AC-4D96-9DFB-BD957EAA1DA2}.Release|Any CPU.Build.0 = Release|Any CPU
		{0C22D152-46AC-4D96-9DFB-BD957EAA1DA2}.Release|x64.ActiveCfg = Release|Any CPU
		{0C22D152-46AC-4D96-9DFB-BD957EAA1DA2}.Release|x64.Build.0 = Release|Any CPU
		{0C22D152-46AC-4D96-9DFB-BD957EAA1DA2}.Release|x86.ActiveCfg = Release|Any CPU
		{0C22D152-46AC-4D96-9DFB-BD957EAA1DA2}.Release|x86.Build.0 = Release|Any CPU
		{0D13C939-0233-4188-9376-17808F58C785}.Debug|Any CPU.ActiveCfg = Debug|Any CPU
		{0D13C939-0233-4188-9376-17808F58C785}.Debug|Any CPU.Build.0 = Debug|Any CPU
		{0D13C939-0233-4188-9376-17808F58C785}.Debug|x64.ActiveCfg = Debug|Any CPU
		{0D13C939-0233-4188-9376-17808F58C785}.Debug|x64.Build.0 = Debug|Any CPU
		{0D13C939-0233-4188-9376-17808F58C785}.Debug|x86.ActiveCfg = Debug|Any CPU
		{0D13C939-0233-4188-9376-17808F58C785}.Debug|x86.Build.0 = Debug|Any CPU
		{0D13C939-0233-4188-9376-17808F58C785}.Release|Any CPU.ActiveCfg = Release|Any CPU
		{0D13C939-0233-4188-9376-17808F58C785}.Release|Any CPU.Build.0 = Release|Any CPU
		{0D13C939-0233-4188-9376-17808F58C785}.Release|x64.ActiveCfg = Release|Any CPU
		{0D13C939-0233-4188-9376-17808F58C785}.Release|x64.Build.0 = Release|Any CPU
		{0D13C939-0233-4188-9376-17808F58C785}.Release|x86.ActiveCfg = Release|Any CPU
		{0D13C939-0233-4188-9376-17808F58C785}.Release|x86.Build.0 = Release|Any CPU
	EndGlobalSection
EndGlobal
